<?xml version="1.0"?>
<!DOCTYPE CodeBlocks_project_file>
<CodeBlocks_project_file>
	<FileVersion major="1" minor="1"/>
	<Project>
		<Option title="svn plugin"/>
		<Option makefile="Makefile"/>
		<Option makefile_is_custom="0"/>
		<Option compiler="0"/>
		<Build>
			<Target title="svn">
				<Option output="svn.dll"/>
				<Option working_dir="."/>
				<Option object_output=".objs"/>
				<Option deps_output=".deps"/>
				<Option type="3"/>
				<Option compiler="0"/>
			</Target>
			<Target title="cvs">
				<Option output="svn-cvs.dll"/>
				<Option working_dir="."/>
				<Option object_output=".objs"/>
				<Option deps_output=".deps"/>
				<Option type="3"/>
				<Option compiler="0"/>
				<Option createDefFile="1"/>
				<Option createStaticLib="1"/>
			</Target>
			<Environment>
				<Variable name="WX_DIR" value="C:/wxWidgets-2.6.1"/>
			</Environment>
		</Build>
		<Compiler>
			<Add option="-Wall"/>
			<Add option="-D__GNUWIN32__"/>
			<Add option="-DWXUSINGDLL"/>
			<Add option="-DBUILDING_PLUGIN"/>
			<Add directory="$(WX_DIR)\include"/>
		</Compiler>
		<Linker>
			<Add option="C:\codeblocks\wxmsw26_gcc_cb.dll"/>
			<Add option="C:\codeblocks\codeblocks.dll"/>
			<Add directory="$(WX_DIR)\lib\gcc_dll"/>
			<Add directory="C:\CodeBlocks"/>
			<Add directory="C:\CodeBlocks\lib"/>
		</Linker>
		<ExtraCommands>
			<Mode before="always" />
			<Add before="prebuild.bat"/>
		</ExtraCommands>
		<Unit filename="cvsrunner.cpp">
			<Option compilerVar="CPP"/>
			<Option target="svn"/>
		</Unit>
		<Unit filename="cvsrunner.h">
			<Option compilerVar=""/>
			<Option compile="0"/>
			<Option link="0"/>
			<Option target="svn"/>
		</Unit>
		<Unit filename="dialogs.cpp">
			<Option compilerVar="CPP"/>
			<Option target="svn"/>
		</Unit>
		<Unit filename="dialogs.h">
			<Option compilerVar=""/>
			<Option compile="0"/>
			<Option link="0"/>
			<Option weight="100"/>
			<Option target="svn"/>
		</Unit>
		<Unit filename="log.cpp">
			<Option compilerVar="CPP"/>
			<Option target="svn"/>
		</Unit>
		<Unit filename="log.h">
			<Option compilerVar=""/>
			<Option compile="0"/>
			<Option link="0"/>
			<Option target="svn"/>
		</Unit>
		<Unit filename="precompile.h">
			<Option compilerVar="CPP"/>
			<Option link="0"/>
			<Option weight="0"/>
			<Option target="svn"/>
		</Unit>
		<Unit filename="res\resource.rc">
			<Option compilerVar="WINDRES"/>
			<Option objectName="res\resource.res"/>
			<Option target="svn"/>
		</Unit>
		<Unit filename="res\svn.xrc">
			<Option compilerVar=""/>
			<Option compile="0"/>
			<Option link="0"/>
			<Option target="svn"/>
		</Unit>
		<Unit filename="singleton.h">
			<Option compilerVar=""/>
			<Option compile="0"/>
			<Option link="0"/>
			<Option target="svn"/>
		</Unit>
		<Unit filename="smart.h">
			<Option compilerVar=""/>
			<Option compile="0"/>
			<Option link="0"/>
			<Option target="svn"/>
		</Unit>
		<Unit filename="svn.cpp">
			<Option compilerVar="CPP"/>
			<Option target="svn"/>
		</Unit>
		<Unit filename="svn.h">
			<Option compilerVar=""/>
			<Option compile="0"/>
			<Option link="0"/>
			<Option weight="100"/>
			<Option useBuildCommand="1"/>
			<Option buildCommand="gcc $FILENAME"/>
			<Option target="svn"/>
		</Unit>
		<Unit filename="svnlog.cpp">
			<Option compilerVar="CPP"/>
			<Option target="svn"/>
		</Unit>
		<Unit filename="svnlog.h">
			<Option compilerVar=""/>
			<Option compile="0"/>
			<Option link="0"/>
			<Option target="svn"/>
		</Unit>
		<Unit filename="svnrunner.cpp">
			<Option compilerVar="CPP"/>
			<Option target="svn"/>
		</Unit>
		<Unit filename="svnrunner.h">
			<Option compilerVar=""/>
			<Option compile="0"/>
			<Option link="0"/>
			<Option target="svn"/>
		</Unit>
		<Unit filename="toolrunner.cpp">
			<Option compilerVar="CPP"/>
			<Option target="svn"/>
		</Unit>
		<Unit filename="toolrunner.h">
			<Option compilerVar=""/>
			<Option compile="0"/>
			<Option link="0"/>
			<Option weight="100"/>
			<Option target="svn"/>
		</Unit>
		<Unit filename="tortoiserunner.cpp">
			<Option compilerVar="CPP"/>
			<Option target="svn"/>
		</Unit>
		<Unit filename="tortoiserunner.h">
			<Option compilerVar=""/>
			<Option compile="0"/>
			<Option link="0"/>
			<Option target="svn"/>
		</Unit>
	</Project>
</CodeBlocks_project_file>
